
Microsoft Visual Studio Solution File, Format Version 12.00
# Visual Studio 2013
Project("{FAE04EC0-301F-11D3-BF4B-00C04F79EFBC}") = "UnityVS.gunmin.CSharp", "UnityVS.gunmin.CSharp.csproj", "{1449D91D-DB6F-7D7B-3B11-A3956C263347}"
EndProject
Project("{FAE04EC0-301F-11D3-BF4B-00C04F79EFBC}") = "UnityVS.gunmin.CSharp.Plugins", "UnityVS.gunmin.CSharp.Plugins.csproj", "{4096A059-17AE-A1AF-8C30-9C87F5084E69}"
EndProject
Global
	GlobalSection(SolutionConfigurationPlatforms) = preSolution
		Debug|Any CPU = Debug|Any CPU
		Release|Any CPU = Release|Any CPU
	EndGlobalSection
	GlobalSection(ProjectConfigurationPlatforms) = postSolution
		{1449D91D-DB6F-7D7B-3B11-A3956C263347}.Debug|Any CPU.ActiveCfg = Debug|Any CPU
		{1449D91D-DB6F-7D7B-3B11-A3956C263347}.Debug|Any CPU.Build.0 = Debug|Any CPU
		{1449D91D-DB6F-7D7B-3B11-A3956C263347}.Release|Any CPU.ActiveCfg = Release|Any CPU
		{1449D91D-DB6F-7D7B-3B11-A3956C263347}.Release|Any CPU.Build.0 = Release|Any CPU
		{4096A059-17AE-A1AF-8C30-9C87F5084E69}.Debug|Any CPU.ActiveCfg = Debug|Any CPU
		{4096A059-17AE-A1AF-8C30-9C87F5084E69}.Debug|Any CPU.Build.0 = Debug|Any CPU
		{4096A059-17AE-A1AF-8C30-9C87F5084E69}.Release|Any CPU.ActiveCfg = Release|Any CPU
		{4096A059-17AE-A1AF-8C30-9C87F5084E69}.Release|Any CPU.Build.0 = Release|Any CPU
	EndGlobalSection
	GlobalSection(SolutionProperties) = preSolution
		HideSolutionNode = FALSE
	EndGlobalSection
EndGlobal
